
Microsoft Visual Studio Solution File, Format Version 12.00
Project("{FAE04EC0-301F-11D3-BF4B-00C04F79EFBC}") = "HubSpot.Net.Core", "HubSpot.Net.Core\HubSpot.Net.Core.csproj", "{C9E0C7A9-7C7B-4BA5-BDCD-1FEA2C823765}"
EndProject
Project("{FAE04EC0-301F-11D3-BF4B-00C04F79EFBC}") = "HubSpot.Net.Core.Test", "HubSpot.Net.Core.Test\HubSpot.Net.Core.Test.csproj", "{D365FCC1-F054-4374-B3F2-DF614BD82D45}"
EndProject
Global
	GlobalSection(SolutionConfigurationPlatforms) = preSolution
		Debug|Any CPU = Debug|Any CPU
		Release|Any CPU = Release|Any CPU
	EndGlobalSection
	GlobalSection(ProjectConfigurationPlatforms) = postSolution
		{C9E0C7A9-7C7B-4BA5-BDCD-1FEA2C823765}.Debug|Any CPU.ActiveCfg = Debug|Any CPU
		{C9E0C7A9-7C7B-4BA5-BDCD-1FEA2C823765}.Debug|Any CPU.Build.0 = Debug|Any CPU
		{C9E0C7A9-7C7B-4BA5-BDCD-1FEA2C823765}.Release|Any CPU.ActiveCfg = Release|Any CPU
		{C9E0C7A9-7C7B-4BA5-BDCD-1FEA2C823765}.Release|Any CPU.Build.0 = Release|Any CPU
		{D365FCC1-F054-4374-B3F2-DF614BD82D45}.Debug|Any CPU.ActiveCfg = Debug|Any CPU
		{D365FCC1-F054-4374-B3F2-DF614BD82D45}.Debug|Any CPU.Build.0 = Debug|Any CPU
		{D365FCC1-F054-4374-B3F2-DF614BD82D45}.Release|Any CPU.ActiveCfg = Release|Any CPU
		{D365FCC1-F054-4374-B3F2-DF614BD82D45}.Release|Any CPU.Build.0 = Release|Any CPU
	EndGlobalSection
EndGlobal
